{
    "_readme": [
        "This file locks the dependencies of your project to a known state",
        "Read more about it at https://getcomposer.org/doc/01-basic-usage.md#installing-dependencies",
        "This file is @generated automatically"
    ],
    "content-hash": "7bfcdf9965a4eabb49ca031abd06929e",
    "packages": [
        {
            "name": "garrettweinberg/sage-bootstrap5-navwalker",
            "version": "1.4",
            "source": {
                "type": "git",
                "url": "https://github.com/GarrettWeinberg/sage-bootstrap5-navwalker.git",
                "reference": "72b39cb1fe1bd2d1324686d6c51db160e588eb1c"
            },
            "dist": {
                "type": "zip",
                "url": "https://api.github.com/repos/GarrettWeinberg/sage-bootstrap5-navwalker/zipball/72b39cb1fe1bd2d1324686d6c51db160e588eb1c",
                "reference": "72b39cb1fe1bd2d1324686d6c51db160e588eb1c",
                "shasum": ""
            },
            "require": {
                "php": ">=5.3.2"
            },
            "type": "library",
            "autoload": {
                "files": [
                    "bootstrap5-navwalker.php"
                ]
            },
            "notification-url": "https://packagist.org/downloads/",
            "license": [
                "MIT"
            ],
            "authors": [
                {
                    "name": "Garrett Weinberg",
                    "email": "weinberg135@gmail.com"
                }
            ],
            "description": "Bootstrap 5 Navbar component navwalker for Sage 10 based themes",
            "homepage": "https://github.com/garrettweinberg/sage-bootstrap5-navwalker",
            "keywords": [
                "Bootstrap 5",
                "navbar",
                "navwalker",
                "wordpress"
            ],
            "support": {
                "issues": "https://github.com/GarrettWeinberg/sage-bootstrap5-navwalker/issues",
                "source": "https://github.com/GarrettWeinberg/sage-bootstrap5-navwalker/tree/1.4"
            },
            "time": "2022-10-26T14:03:46+00:00"
        }
    ],
    "packages-dev": [
        {
            "name": "laravel/pint",
            "version": "v1.13.10",
            "source": {
                "type": "git",
                "url": "https://github.com/laravel/pint.git",
                "reference": "e2b5060885694ca30ac008c05dc9d47f10ed1abf"
            },
            "dist": {
                "type": "zip",
                "url": "https://api.github.com/repos/laravel/pint/zipball/e2b5060885694ca30ac008c05dc9d47f10ed1abf",
                "reference": "e2b5060885694ca30ac008c05dc9d47f10ed1abf",
                "shasum": ""
            },
            "require": {
                "ext-json": "*",
                "ext-mbstring": "*",
                "ext-tokenizer": "*",
                "ext-xml": "*",
                "php": "^8.1.0"
            },
            "require-dev": {
                "friendsofphp/php-cs-fixer": "^3.47.1",
                "illuminate/view": "^10.41.0",
                "larastan/larastan": "^2.8.1",
                "laravel-zero/framework": "^10.3.0",
                "mockery/mockery": "^1.6.7",
                "nunomaduro/termwind": "^1.15.1",
                "pestphp/pest": "^2.31.0"
            },
            "bin": [
                "builds/pint"
            ],
            "type": "project",
            "autoload": {
                "psr-4": {
                    "App\\": "app/",
                    "Database\\Seeders\\": "database/seeders/",
                    "Database\\Factories\\": "database/factories/"
                }
            },
            "notification-url": "https://packagist.org/downloads/",
            "license": [
                "MIT"
            ],
            "authors": [
                {
                    "name": "Nuno Maduro",
                    "email": "enunomaduro@gmail.com"
                }
            ],
            "description": "An opinionated code formatter for PHP.",
            "homepage": "https://laravel.com",
            "keywords": [
                "format",
                "formatter",
                "lint",
                "linter",
                "php"
            ],
            "support": {
                "issues": "https://github.com/laravel/pint/issues",
                "source": "https://github.com/laravel/pint"
            },
            "time": "2024-01-22T09:04:15+00:00"
        }
    ],
    "aliases": [],
    "minimum-stability": "dev",
    "stability-flags": [],
    "prefer-stable": true,
    "prefer-lowest": false,
    "platform": {
        "php": ">=8.1"
    },
    "platform-dev": [],
    "plugin-api-version": "2.3.0"
}
